
Microsoft Visual Studio Solution File, Format Version 12.00
# Visual Studio Version 17
VisualStudioVersion = 17.0.32014.148
MinimumVisualStudioVersion = 10.0.40219.1
Project("{9A19103F-16F7-4668-BE54-9A1E7A4F7556}") = "MusicStore", "MusicStore\MusicStore.csproj", "{726B92BE-6783-411B-89CA-4A4530911BD5}"
EndProject
Global
	GlobalSection(SolutionConfigurationPlatforms) = preSolution
		Debug|Any CPU = Debug|Any CPU
		Release|Any CPU = Release|Any CPU
	EndGlobalSection
	GlobalSection(ProjectConfigurationPlatforms) = postSolution
		{726B92BE-6783-411B-89CA-4A4530911BD5}.Debug|Any CPU.ActiveCfg = Debug|Any CPU
		{726B92BE-6783-411B-89CA-4A4530911BD5}.Debug|Any CPU.Build.0 = Debug|Any CPU
		{726B92BE-6783-411B-89CA-4A4530911BD5}.Release|Any CPU.ActiveCfg = Release|Any CPU
		{726B92BE-6783-411B-89CA-4A4530911BD5}.Release|Any CPU.Build.0 = Release|Any CPU
	EndGlobalSection
	GlobalSection(SolutionProperties) = preSolution
		HideSolutionNode = FALSE
	EndGlobalSection
	GlobalSection(ExtensibilityGlobals) = postSolution
		SolutionGuid = {6F2D0B0A-C798-4A76-AC3C-D0E4CF3CDC7D}
	EndGlobalSection
EndGlobal
